// !$*UTF8*$!
{
	archiveVersion = 1;
	classes = {
	};
	objectVersion = 46;
	objects = {

/* Begin PBXBuildFile section */
		13845E191833A1D4003F9E9E /* AbstractSceneController.m in Sources */ = {isa = PBXBuildFile; fileRef = 13845E181833A1D4003F9E9E /* AbstractSceneController.m */; };
		13845E1D1833A1E8003F9E9E /* balloon_ex.png in Resources */ = {isa = PBXBuildFile; fileRef = 13845E1A1833A1E8003F9E9E /* balloon_ex.png */; };
		13845E1E1833A1E8003F9E9E /* balloon.png in Resources */ = {isa = PBXBuildFile; fileRef = 13845E1B1833A1E8003F9E9E /* balloon.png */; };
		13845E1F1833A1E8003F9E9E /* foreground.png in Resources */ = {isa = PBXBuildFile; fileRef = 13845E1C1833A1E8003F9E9E /* foreground.png */; };
		13845E241833A219003F9E9E /* GameController.m in Sources */ = {isa = PBXBuildFile; fileRef = 13845E211833A219003F9E9E /* GameController.m */; };
		13845E251833A219003F9E9E /* MainSceneController.m in Sources */ = {isa = PBXBuildFile; fileRef = 13845E231833A219003F9E9E /* MainSceneController.m */; };
		13845E281833A229003F9E9E /* Sprite.m in Sources */ = {isa = PBXBuildFile; fileRef = 13845E271833A229003F9E9E /* Sprite.m */; };
		13845E2A1833A24A003F9E9E /* se_maoudamashii_system23.wav in Resources */ = {isa = PBXBuildFile; fileRef = 13845E291833A24A003F9E9E /* se_maoudamashii_system23.wav */; };
		13845E2C1833A2C9003F9E9E /* game_maoudamashii_5_casino04.wav in Resources */ = {isa = PBXBuildFile; fileRef = 13845E2B1833A2C9003F9E9E /* game_maoudamashii_5_casino04.wav */; };
		13B712781833335F00695B35 /* Foundation.framework in Frameworks */ = {isa = PBXBuildFile; fileRef = 13B712771833335F00695B35 /* Foundation.framework */; };
		13B7127A1833335F00695B35 /* CoreGraphics.framework in Frameworks */ = {isa = PBXBuildFile; fileRef = 13B712791833335F00695B35 /* CoreGraphics.framework */; };
		13B7127C1833335F00695B35 /* UIKit.framework in Frameworks */ = {isa = PBXBuildFile; fileRef = 13B7127B1833335F00695B35 /* UIKit.framework */; };
		13B712821833335F00695B35 /* InfoPlist.strings in Resources */ = {isa = PBXBuildFile; fileRef = 13B712801833335F00695B35 /* InfoPlist.strings */; };
		13B712841833335F00695B35 /* main.m in Sources */ = {isa = PBXBuildFile; fileRef = 13B712831833335F00695B35 /* main.m */; };
		13B712881833335F00695B35 /* AppDelegate.m in Sources */ = {isa = PBXBuildFile; fileRef = 13B712871833335F00695B35 /* AppDelegate.m */; };
		13B7128B1833335F00695B35 /* Main.storyboard in Resources */ = {isa = PBXBuildFile; fileRef = 13B712891833335F00695B35 /* Main.storyboard */; };
		13B7128E1833335F00695B35 /* ViewController.m in Sources */ = {isa = PBXBuildFile; fileRef = 13B7128D1833335F00695B35 /* ViewController.m */; };
		13B712901833335F00695B35 /* Images.xcassets in Resources */ = {isa = PBXBuildFile; fileRef = 13B7128F1833335F00695B35 /* Images.xcassets */; };
		13B712971833335F00695B35 /* XCTest.framework in Frameworks */ = {isa = PBXBuildFile; fileRef = 13B712961833335F00695B35 /* XCTest.framework */; };
		13B712981833335F00695B35 /* Foundation.framework in Frameworks */ = {isa = PBXBuildFile; fileRef = 13B712771833335F00695B35 /* Foundation.framework */; };
		13B712991833335F00695B35 /* UIKit.framework in Frameworks */ = {isa = PBXBuildFile; fileRef = 13B7127B1833335F00695B35 /* UIKit.framework */; };
		13B712A11833335F00695B35 /* InfoPlist.strings in Resources */ = {isa = PBXBuildFile; fileRef = 13B7129F1833335F00695B35 /* InfoPlist.strings */; };
		13B712A31833335F00695B35 /* BalloonPongTests.m in Sources */ = {isa = PBXBuildFile; fileRef = 13B712A21833335F00695B35 /* BalloonPongTests.m */; };
/* End PBXBuildFile section */

/* Begin PBXContainerItemProxy section */
		13B7129A1833335F00695B35 /* PBXContainerItemProxy */ = {
			isa = PBXContainerItemProxy;
			containerPortal = 13B7126C1833335F00695B35 /* Project object */;
			proxyType = 1;
			remoteGlobalIDString = 13B712731833335F00695B35;
			remoteInfo = BalloonPong;
		};
/* End PBXContainerItemProxy section */

/* Begin PBXFileReference section */
		13845E161833A1BD003F9E9E /* readme.txt */ = {isa = PBXFileReference; lastKnownFileType = text; path = readme.txt; sourceTree = "<group>"; };
		13845E171833A1D4003F9E9E /* AbstractSceneController.h */ = {isa = PBXFileReference; fileEncoding = 4; lastKnownFileType = sourcecode.c.h; path = AbstractSceneController.h; sourceTree = "<group>"; };
		13845E181833A1D4003F9E9E /* AbstractSceneController.m */ = {isa = PBXFileReference; fileEncoding = 4; lastKnownFileType = sourcecode.c.objc; path = AbstractSceneController.m; sourceTree = "<group>"; };
		13845E1A1833A1E8003F9E9E /* balloon_ex.png */ = {isa = PBXFileReference; lastKnownFileType = image.png; path = balloon_ex.png; sourceTree = "<group>"; };
		13845E1B1833A1E8003F9E9E /* balloon.png */ = {isa = PBXFileReference; lastKnownFileType = image.png; path = balloon.png; sourceTree = "<group>"; };
		13845E1C1833A1E8003F9E9E /* foreground.png */ = {isa = PBXFileReference; lastKnownFileType = image.png; path = foreground.png; sourceTree = "<group>"; };
		13845E201833A219003F9E9E /* GameController.h */ = {isa = PBXFileReference; fileEncoding = 4; lastKnownFileType = sourcecode.c.h; path = GameController.h; sourceTree = "<group>"; };
		13845E211833A219003F9E9E /* GameController.m */ = {isa = PBXFileReference; fileEncoding = 4; lastKnownFileType = sourcecode.c.objc; path = GameController.m; sourceTree = "<group>"; };
		13845E221833A219003F9E9E /* MainSceneController.h */ = {isa = PBXFileReference; fileEncoding = 4; lastKnownFileType = sourcecode.c.h; path = MainSceneController.h; sourceTree = "<group>"; };
		13845E231833A219003F9E9E /* MainSceneController.m */ = {isa = PBXFileReference; fileEncoding = 4; lastKnownFileType = sourcecode.c.objc; path = MainSceneController.m; sourceTree = "<group>"; };
		13845E261833A229003F9E9E /* Sprite.h */ = {isa = PBXFileReference; fileEncoding = 4; lastKnownFileType = sourcecode.c.h; path = Sprite.h; sourceTree = "<group>"; };
		13845E271833A229003F9E9E /* Sprite.m */ = {isa = PBXFileReference; fileEncoding = 4; lastKnownFileType = sourcecode.c.objc; path = Sprite.m; sourceTree = "<group>"; };
		13845E291833A24A003F9E9E /* se_maoudamashii_system23.wav */ = {isa = PBXFileReference; lastKnownFileType = audio.wav; path = se_maoudamashii_system23.wav; sourceTree = "<group>"; };
		13845E2B1833A2C9003F9E9E /* game_maoudamashii_5_casino04.wav */ = {isa = PBXFileReference; lastKnownFileType = audio.wav; path = game_maoudamashii_5_casino04.wav; sourceTree = "<group>"; };
		13845E2D1833A405003F9E9E /* SynthesizeSingleton.h */ = {isa = PBXFileReference; lastKnownFileType = sourcecode.c.h; path = SynthesizeSingleton.h; sourceTree = "<group>"; };
		13B712741833335F00695B35 /* BalloonPong.app */ = {isa = PBXFileReference; explicitFileType = wrapper.application; includeInIndex = 0; path = BalloonPong.app; sourceTree = BUILT_PRODUCTS_DIR; };
		13B712771833335F00695B35 /* Foundation.framework */ = {isa = PBXFileReference; lastKnownFileType = wrapper.framework; name = Foundation.framework; path = System/Library/Frameworks/Foundation.framework; sourceTree = SDKROOT; };
		13B712791833335F00695B35 /* CoreGraphics.framework */ = {isa = PBXFileReference; lastKnownFileType = wrapper.framework; name = CoreGraphics.framework; path = System/Library/Frameworks/CoreGraphics.framework; sourceTree = SDKROOT; };
		13B7127B1833335F00695B35 /* UIKit.framework */ = {isa = PBXFileReference; lastKnownFileType = wrapper.framework; name = UIKit.framework; path = System/Library/Frameworks/UIKit.framework; sourceTree = SDKROOT; };
		13B7127F1833335F00695B35 /* BalloonPong-Info.plist */ = {isa = PBXFileReference; lastKnownFileType = text.plist.xml; path = "BalloonPong-Info.plist"; sourceTree = "<group>"; };
		13B712811833335F00695B35 /* en */ = {isa = PBXFileReference; lastKnownFileType = text.plist.strings; name = en; path = en.lproj/InfoPlist.strings; sourceTree = "<group>"; };
		13B712831833335F00695B35 /* main.m */ = {isa = PBXFileReference; lastKnownFileType = sourcecode.c.objc; path = main.m; sourceTree = "<group>"; };
		13B712851833335F00695B35 /* BalloonPong-Prefix.pch */ = {isa = PBXFileReference; lastKnownFileType = sourcecode.c.h; path = "BalloonPong-Prefix.pch"; sourceTree = "<group>"; };
		13B712861833335F00695B35 /* AppDelegate.h */ = {isa = PBXFileReference; lastKnownFileType = sourcecode.c.h; path = AppDelegate.h; sourceTree = "<group>"; };
		13B712871833335F00695B35 /* AppDelegate.m */ = {isa = PBXFileReference; lastKnownFileType = sourcecode.c.objc; path = AppDelegate.m; sourceTree = "<group>"; };
		13B7128A1833335F00695B35 /* Base */ = {isa = PBXFileReference; lastKnownFileType = file.storyboard; name = Base; path = Base.lproj/Main.storyboard; sourceTree = "<group>"; };
		13B7128C1833335F00695B35 /* ViewController.h */ = {isa = PBXFileReference; lastKnownFileType = sourcecode.c.h; path = ViewController.h; sourceTree = "<group>"; };
		13B7128D1833335F00695B35 /* ViewController.m */ = {isa = PBXFileReference; lastKnownFileType = sourcecode.c.objc; path = ViewController.m; sourceTree = "<group>"; };
		13B7128F1833335F00695B35 /* Images.xcassets */ = {isa = PBXFileReference; lastKnownFileType = folder.assetcatalog; path = Images.xcassets; sourceTree = "<group>"; };
		13B712951833335F00695B35 /* BalloonPongTests.xctest */ = {isa = PBXFileReference; explicitFileType = wrapper.cfbundle; includeInIndex = 0; path = BalloonPongTests.xctest; sourceTree = BUILT_PRODUCTS_DIR; };
		13B712961833335F00695B35 /* XCTest.framework */ = {isa = PBXFileReference; lastKnownFileType = wrapper.framework; name = XCTest.framework; path = Library/Frameworks/XCTest.framework; sourceTree = DEVELOPER_DIR; };
		13B7129E1833335F00695B35 /* BalloonPongTests-Info.plist */ = {isa = PBXFileReference; lastKnownFileType = text.plist.xml; path = "BalloonPongTests-Info.plist"; sourceTree = "<group>"; };
		13B712A01833335F00695B35 /* en */ = {isa = PBXFileReference; lastKnownFileType = text.plist.strings; name = en; path = en.lproj/InfoPlist.strings; sourceTree = "<group>"; };
		13B712A21833335F00695B35 /* BalloonPongTests.m */ = {isa = PBXFileReference; lastKnownFileType = sourcecode.c.objc; path = BalloonPongTests.m; sourceTree = "<group>"; };
/* End PBXFileReference section */

/* Begin PBXFrameworksBuildPhase section */
		13B712711833335F00695B35 /* Frameworks */ = {
			isa = PBXFrameworksBuildPhase;
			buildActionMask = 2147483647;
			files = (
				13B7127A1833335F00695B35 /* CoreGraphics.framework in Frameworks */,
				13B7127C1833335F00695B35 /* UIKit.framework in Frameworks */,
				13B712781833335F00695B35 /* Foundation.framework in Frameworks */,
			);
			runOnlyForDeploymentPostprocessing = 0;
		};
		13B712921833335F00695B35 /* Frameworks */ = {
			isa = PBXFrameworksBuildPhase;
			buildActionMask = 2147483647;
			files = (
				13B712971833335F00695B35 /* XCTest.framework in Frameworks */,
				13B712991833335F00695B35 /* UIKit.framework in Frameworks */,
				13B712981833335F00695B35 /* Foundation.framework in Frameworks */,
			);
			runOnlyForDeploymentPostprocessing = 0;
		};
/* End PBXFrameworksBuildPhase section */

/* Begin PBXGroup section */
		13B7126B1833335F00695B35 = {
			isa = PBXGroup;
			children = (
				13B7127D1833335F00695B35 /* BalloonPong */,
				13B7129C1833335F00695B35 /* BalloonPongTests */,
				13B712761833335F00695B35 /* Frameworks */,
				13B712751833335F00695B35 /* Products */,
			);
			sourceTree = "<group>";
		};
		13B712751833335F00695B35 /* Products */ = {
			isa = PBXGroup;
			children = (
				13B712741833335F00695B35 /* BalloonPong.app */,
				13B712951833335F00695B35 /* BalloonPongTests.xctest */,
			);
			name = Products;
			sourceTree = "<group>";
		};
		13B712761833335F00695B35 /* Frameworks */ = {
			isa = PBXGroup;
			children = (
				13B712771833335F00695B35 /* Foundation.framework */,
				13B712791833335F00695B35 /* CoreGraphics.framework */,
				13B7127B1833335F00695B35 /* UIKit.framework */,
				13B712961833335F00695B35 /* XCTest.framework */,
			);
			name = Frameworks;
			sourceTree = "<group>";
		};
		13B7127D1833335F00695B35 /* BalloonPong */ = {
			isa = PBXGroup;
			children = (
				13B712861833335F00695B35 /* AppDelegate.h */,
				13B712871833335F00695B35 /* AppDelegate.m */,
				13845E171833A1D4003F9E9E /* AbstractSceneController.h */,
				13845E181833A1D4003F9E9E /* AbstractSceneController.m */,
				13845E201833A219003F9E9E /* GameController.h */,
				13845E211833A219003F9E9E /* GameController.m */,
				13845E221833A219003F9E9E /* MainSceneController.h */,
				13845E231833A219003F9E9E /* MainSceneController.m */,
				13B712891833335F00695B35 /* Main.storyboard */,
				13B7128C1833335F00695B35 /* ViewController.h */,
				13B7128D1833335F00695B35 /* ViewController.m */,
				13845E261833A229003F9E9E /* Sprite.h */,
				13845E271833A229003F9E9E /* Sprite.m */,
				13845E2D1833A405003F9E9E /* SynthesizeSingleton.h */,
				13B7128F1833335F00695B35 /* Images.xcassets */,
				13845E161833A1BD003F9E9E /* readme.txt */,
				13B7127E1833335F00695B35 /* Supporting Files */,
			);
			path = BalloonPong;
			sourceTree = "<group>";
		};
		13B7127E1833335F00695B35 /* Supporting Files */ = {
			isa = PBXGroup;
			children = (
				13845E1A1833A1E8003F9E9E /* balloon_ex.png */,
				13845E1B1833A1E8003F9E9E /* balloon.png */,
				13845E1C1833A1E8003F9E9E /* foreground.png */,
				13845E2B1833A2C9003F9E9E /* game_maoudamashii_5_casino04.wav */,
				13845E291833A24A003F9E9E /* se_maoudamashii_system23.wav */,
				13B7127F1833335F00695B35 /* BalloonPong-Info.plist */,
				13B712801833335F00695B35 /* InfoPlist.strings */,
				13B712831833335F00695B35 /* main.m */,
				13B712851833335F00695B35 /* BalloonPong-Prefix.pch */,
			);
			name = "Supporting Files";
			sourceTree = "<group>";
		};
		13B7129C1833335F00695B35 /* BalloonPongTests */ = {
			isa = PBXGroup;
			children = (
				13B712A21833335F00695B35 /* BalloonPongTests.m */,
				13B7129D1833335F00695B35 /* Supporting Files */,
			);
			path = BalloonPongTests;
			sourceTree = "<group>";
		};
		13B7129D1833335F00695B35 /* Supporting Files */ = {
			isa = PBXGroup;
			children = (
				13B7129E1833335F00695B35 /* BalloonPongTests-Info.plist */,
				13B7129F1833335F00695B35 /* InfoPlist.strings */,
			);
			name = "Supporting Files";
			sourceTree = "<group>";
		};
/* End PBXGroup section */

/* Begin PBXNativeTarget section */
		13B712731833335F00695B35 /* BalloonPong */ = {
			isa = PBXNativeTarget;
			buildConfigurationList = 13B712A61833335F00695B35 /* Build configuration list for PBXNativeTarget "BalloonPong" */;
			buildPhases = (
				13B712701833335F00695B35 /* Sources */,
				13B712711833335F00695B35 /* Frameworks */,
				13B712721833335F00695B35 /* Resources */,
			);
			buildRules = (
			);
			dependencies = (
			);
			name = BalloonPong;
			productName = BalloonPong;
			productReference = 13B712741833335F00695B35 /* BalloonPong.app */;
			productType = "com.apple.product-type.application";
		};
		13B712941833335F00695B35 /* BalloonPongTests */ = {
			isa = PBXNativeTarget;
			buildConfigurationList = 13B712A91833335F00695B35 /* Build configuration list for PBXNativeTarget "BalloonPongTests" */;
			buildPhases = (
				13B712911833335F00695B35 /* Sources */,
				13B712921833335F00695B35 /* Frameworks */,
				13B712931833335F00695B35 /* Resources */,
			);
			buildRules = (
			);
			dependencies = (
				13B7129B1833335F00695B35 /* PBXTargetDependency */,
			);
			name = BalloonPongTests;
			productName = BalloonPongTests;
			productReference = 13B712951833335F00695B35 /* BalloonPongTests.xctest */;
			productType = "com.apple.product-type.bundle.unit-test";
		};
/* End PBXNativeTarget section */

/* Begin PBXProject section */
		13B7126C1833335F00695B35 /* Project object */ = {
			isa = PBXProject;
			attributes = {
				LastUpgradeCheck = 0500;
				ORGANIZATIONNAME = "LumberMill, Inc.";
				TargetAttributes = {
					13B712941833335F00695B35 = {
						TestTargetID = 13B712731833335F00695B35;
					};
				};
			};
			buildConfigurationList = 13B7126F1833335F00695B35 /* Build configuration list for PBXProject "BalloonPong" */;
			compatibilityVersion = "Xcode 3.2";
			developmentRegion = English;
			hasScannedForEncodings = 0;
			knownRegions = (
				en,
				Base,
			);
			mainGroup = 13B7126B1833335F00695B35;
			productRefGroup = 13B712751833335F00695B35 /* Products */;
			projectDirPath = "";
			projectRoot = "";
			targets = (
				13B712731833335F00695B35 /* BalloonPong */,
				13B712941833335F00695B35 /* BalloonPongTests */,
			);
		};
/* End PBXProject section */

/* Begin PBXResourcesBuildPhase section */
		13B712721833335F00695B35 /* Resources */ = {
			isa = PBXResourcesBuildPhase;
			buildActionMask = 2147483647;
			files = (
				13845E1D1833A1E8003F9E9E /* balloon_ex.png in Resources */,
				13845E1E1833A1E8003F9E9E /* balloon.png in Resources */,
				13845E1F1833A1E8003F9E9E /* foreground.png in Resources */,
				13B712901833335F00695B35 /* Images.xcassets in Resources */,
				13845E2A1833A24A003F9E9E /* se_maoudamashii_system23.wav in Resources */,
				13B712821833335F00695B35 /* InfoPlist.strings in Resources */,
				13845E2C1833A2C9003F9E9E /* game_maoudamashii_5_casino04.wav in Resources */,
				13B7128B1833335F00695B35 /* Main.storyboard in Resources */,
			);
			runOnlyForDeploymentPostprocessing = 0;
		};
		13B712931833335F00695B35 /* Resources */ = {
			isa = PBXResourcesBuildPhase;
			buildActionMask = 2147483647;
			files = (
				13B712A11833335F00695B35 /* InfoPlist.strings in Resources */,
			);
			runOnlyForDeploymentPostprocessing = 0;
		};
/* End PBXResourcesBuildPhase section */

/* Begin PBXSourcesBuildPhase section */
		13B712701833335F00695B35 /* Sources */ = {
			isa = PBXSourcesBuildPhase;
			buildActionMask = 2147483647;
			files = (
				13B7128E1833335F00695B35 /* ViewController.m in Sources */,
				13B712881833335F00695B35 /* AppDelegate.m in Sources */,
				13845E191833A1D4003F9E9E /* AbstractSceneController.m in Sources */,
				13845E251833A219003F9E9E /* MainSceneController.m in Sources */,
				13845E241833A219003F9E9E /* GameController.m in Sources */,
				13845E281833A229003F9E9E /* Sprite.m in Sources */,
				13B712841833335F00695B35 /* main.m in Sources */,
			);
			runOnlyForDeploymentPostprocessing = 0;
		};
		13B712911833335F00695B35 /* Sources */ = {
			isa = PBXSourcesBuildPhase;
			buildActionMask = 2147483647;
			files = (
				13B712A31833335F00695B35 /* BalloonPongTests.m in Sources */,
			);
			runOnlyForDeploymentPostprocessing = 0;
		};
/* End PBXSourcesBuildPhase section */

/* Begin PBXTargetDependency section */
		13B7129B1833335F00695B35 /* PBXTargetDependency */ = {
			isa = PBXTargetDependency;
			target = 13B712731833335F00695B35 /* BalloonPong */;
			targetProxy = 13B7129A1833335F00695B35 /* PBXContainerItemProxy */;
		};
/* End PBXTargetDependency section */

/* Begin PBXVariantGroup section */
		13B712801833335F00695B35 /* InfoPlist.strings */ = {
			isa = PBXVariantGroup;
			children = (
				13B712811833335F00695B35 /* en */,
			);
			name = InfoPlist.strings;
			sourceTree = "<group>";
		};
		13B712891833335F00695B35 /* Main.storyboard */ = {
			isa = PBXVariantGroup;
			children = (
				13B7128A1833335F00695B35 /* Base */,
			);
			name = Main.storyboard;
			sourceTree = "<group>";
		};
		13B7129F1833335F00695B35 /* InfoPlist.strings */ = {
			isa = PBXVariantGroup;
			children = (
				13B712A01833335F00695B35 /* en */,
			);
			name = InfoPlist.strings;
			sourceTree = "<group>";
		};
/* End PBXVariantGroup section */

/* Begin XCBuildConfiguration section */
		13B712A41833335F00695B35 /* Debug */ = {
			isa = XCBuildConfiguration;
			buildSettings = {
				ALWAYS_SEARCH_USER_PATHS = NO;
				ARCHS = "$(ARCHS_STANDARD_INCLUDING_64_BIT)";
				CLANG_CXX_LANGUAGE_STANDARD = "gnu++0x";
				CLANG_CXX_LIBRARY = "libc++";
				CLANG_ENABLE_MODULES = YES;
				CLANG_ENABLE_OBJC_ARC = YES;
				CLANG_WARN_BOOL_CONVERSION = YES;
				CLANG_WARN_CONSTANT_CONVERSION = YES;
				CLANG_WARN_DIRECT_OBJC_ISA_USAGE = YES_ERROR;
				CLANG_WARN_EMPTY_BODY = YES;
				CLANG_WARN_ENUM_CONVERSION = YES;
				CLANG_WARN_INT_CONVERSION = YES;
				CLANG_WARN_OBJC_ROOT_CLASS = YES_ERROR;
				CLANG_WARN__DUPLICATE_METHOD_MATCH = YES;
				"CODE_SIGN_IDENTITY[sdk=iphoneos*]" = "iPhone Developer";
				COPY_PHASE_STRIP = NO;
				GCC_C_LANGUAGE_STANDARD = gnu99;
				GCC_DYNAMIC_NO_PIC = NO;
				GCC_OPTIMIZATION_LEVEL = 0;
				GCC_PREPROCESSOR_DEFINITIONS = (
					"DEBUG=1",
					"$(inherited)",
				);
				GCC_SYMBOLS_PRIVATE_EXTERN = NO;
				GCC_WARN_64_TO_32_BIT_CONVERSION = YES;
				GCC_WARN_ABOUT_RETURN_TYPE = YES_ERROR;
				GCC_WARN_UNDECLARED_SELECTOR = YES;
				GCC_WARN_UNINITIALIZED_AUTOS = YES;
				GCC_WARN_UNUSED_FUNCTION = YES;
				GCC_WARN_UNUSED_VARIABLE = YES;
				IPHONEOS_DEPLOYMENT_TARGET = 7.0;
				ONLY_ACTIVE_ARCH = YES;
				SDKROOT = iphoneos;
			};
			name = Debug;
		};
		13B712A51833335F00695B35 /* Release */ = {
			isa = XCBuildConfiguration;
			buildSettings = {
				ALWAYS_SEARCH_USER_PATHS = NO;
				ARCHS = "$(ARCHS_STANDARD_INCLUDING_64_BIT)";
				CLANG_CXX_LANGUAGE_STANDARD = "gnu++0x";
				CLANG_CXX_LIBRARY = "libc++";
				CLANG_ENABLE_MODULES = YES;
				CLANG_ENABLE_OBJC_ARC = YES;
				CLANG_WARN_BOOL_CONVERSION = YES;
				CLANG_WARN_CONSTANT_CONVERSION = YES;
				CLANG_WARN_DIRECT_OBJC_ISA_USAGE = YES_ERROR;
				CLANG_WARN_EMPTY_BODY = YES;
				CLANG_WARN_ENUM_CONVERSION = YES;
				CLANG_WARN_INT_CONVERSION = YES;
				CLANG_WARN_OBJC_ROOT_CLASS = YES_ERROR;
				CLANG_WARN__DUPLICATE_METHOD_MATCH = YES;
				"CODE_SIGN_IDENTITY[sdk=iphoneos*]" = "iPhone Developer";
				COPY_PHASE_STRIP = YES;
				ENABLE_NS_ASSERTIONS = NO;
				GCC_C_LANGUAGE_STANDARD = gnu99;
				GCC_WARN_64_TO_32_BIT_CONVERSION = YES;
				GCC_WARN_ABOUT_RETURN_TYPE = YES_ERROR;
				GCC_WARN_UNDECLARED_SELECTOR = YES;
				GCC_WARN_UNINITIALIZED_AUTOS = YES;
				GCC_WARN_UNUSED_FUNCTION = YES;
				GCC_WARN_UNUSED_VARIABLE = YES;
				IPHONEOS_DEPLOYMENT_TARGET = 7.0;
				SDKROOT = iphoneos;
				VALIDATE_PRODUCT = YES;
			};
			name = Release;
		};
		13B712A71833335F00695B35 /* Debug */ = {
			isa = XCBuildConfiguration;
			buildSettings = {
				ASSETCATALOG_COMPILER_APPICON_NAME = AppIcon;
				ASSETCATALOG_COMPILER_LAUNCHIMAGE_NAME = LaunchImage;
				GCC_PRECOMPILE_PREFIX_HEADER = YES;
				GCC_PREFIX_HEADER = "BalloonPong/BalloonPong-Prefix.pch";
				INFOPLIST_FILE = "BalloonPong/BalloonPong-Info.plist";
				PRODUCT_NAME = "$(TARGET_NAME)";
				WRAPPER_EXTENSION = app;
			};
			name = Debug;
		};
		13B712A81833335F00695B35 /* Release */ = {
			isa = XCBuildConfiguration;
			buildSettings = {
				ASSETCATALOG_COMPILER_APPICON_NAME = AppIcon;
				ASSETCATALOG_COMPILER_LAUNCHIMAGE_NAME = LaunchImage;
				GCC_PRECOMPILE_PREFIX_HEADER = YES;
				GCC_PREFIX_HEADER = "BalloonPong/BalloonPong-Prefix.pch";
				INFOPLIST_FILE = "BalloonPong/BalloonPong-Info.plist";
				PRODUCT_NAME = "$(TARGET_NAME)";
				WRAPPER_EXTENSION = app;
			};
			name = Release;
		};
		13B712AA1833335F00695B35 /* Debug */ = {
			isa = XCBuildConfiguration;
			buildSettings = {
				ARCHS = "$(ARCHS_STANDARD_INCLUDING_64_BIT)";
				BUNDLE_LOADER = "$(BUILT_PRODUCTS_DIR)/BalloonPong.app/BalloonPong";
				FRAMEWORK_SEARCH_PATHS = (
					"$(SDKROOT)/Developer/Library/Frameworks",
					"$(inherited)",
					"$(DEVELOPER_FRAMEWORKS_DIR)",
				);
				GCC_PRECOMPILE_PREFIX_HEADER = YES;
				GCC_PREFIX_HEADER = "BalloonPong/BalloonPong-Prefix.pch";
				GCC_PREPROCESSOR_DEFINITIONS = (
					"DEBUG=1",
					"$(inherited)",
				);
				INFOPLIST_FILE = "BalloonPongTests/BalloonPongTests-Info.plist";
				PRODUCT_NAME = "$(TARGET_NAME)";
				TEST_HOST = "$(BUNDLE_LOADER)";
				WRAPPER_EXTENSION = xctest;
			};
			name = Debug;
		};
		13B712AB1833335F00695B35 /* Release */ = {
			isa = XCBuildConfiguration;
			buildSettings = {
				ARCHS = "$(ARCHS_STANDARD_INCLUDING_64_BIT)";
				BUNDLE_LOADER = "$(BUILT_PRODUCTS_DIR)/BalloonPong.app/BalloonPong";
				FRAMEWORK_SEARCH_PATHS = (
					"$(SDKROOT)/Developer/Library/Frameworks",
					"$(inherited)",
					"$(DEVELOPER_FRAMEWORKS_DIR)",
				);
				GCC_PRECOMPILE_PREFIX_HEADER = YES;
				GCC_PREFIX_HEADER = "BalloonPong/BalloonPong-Prefix.pch";
				INFOPLIST_FILE = "BalloonPongTests/BalloonPongTests-Info.plist";
				PRODUCT_NAME = "$(TARGET_NAME)";
				TEST_HOST = "$(BUNDLE_LOADER)";
				WRAPPER_EXTENSION = xctest;
			};
			name = Release;
		};
/* End XCBuildConfiguration section */

/* Begin XCConfigurationList section */
		13B7126F1833335F00695B35 /* Build configuration list for PBXProject "BalloonPong" */ = {
			isa = XCConfigurationList;
			buildConfigurations = (
				13B712A41833335F00695B35 /* Debug */,
				13B712A51833335F00695B35 /* Release */,
			);
			defaultConfigurationIsVisible = 0;
			defaultConfigurationName = Release;
		};
		13B712A61833335F00695B35 /* Build configuration list for PBXNativeTarget "BalloonPong" */ = {
			isa = XCConfigurationList;
			buildConfigurations = (
				13B712A71833335F00695B35 /* Debug */,
				13B712A81833335F00695B35 /* Release */,
			);
			defaultConfigurationIsVisible = 0;
			defaultConfigurationName = Release;
		};
		13B712A91833335F00695B35 /* Build configuration list for PBXNativeTarget "BalloonPongTests" */ = {
			isa = XCConfigurationList;
			buildConfigurations = (
				13B712AA1833335F00695B35 /* Debug */,
				13B712AB1833335F00695B35 /* Release */,
			);
			defaultConfigurationIsVisible = 0;
			defaultConfigurationName = Release;
		};
/* End XCConfigurationList section */
	};
	rootObject = 13B7126C1833335F00695B35 /* Project object */;
}
